{
  "name": "test",
  "version": "1.0.0",
  "lockfileVersion": 1,
  "requires": true,
  "dependencies": {
    "@types/node": {
      "version": "10.3.4",
      "resolved": "https://registry.npmjs.org/@types/node/-/node-10.3.4.tgz",
      "integrity": "sha512-YMLlzdeNnAyLrQew39IFRkMacAR5BqKGIEei9ZjdHsIZtv+ZWKYTu1i7QJhetxQ9ReXx8w5f+cixdHZG3zgMQA=="
    },
    "sigma": {
      "version": "1.2.1",
      "resolved": "https://registry.npmjs.org/sigma/-/sigma-1.2.1.tgz",
      "integrity": "sha512-9Z0m1pssXv6sndPMvOzXnM1mVO73YCWDE6X5bKxJyG+9J0B9zJkgtgoBM7cnxEaJMzmrbxPceKTVpwF7cS/xqA=="
    }
  }
}
