{
  "name": "dracula-test",
  "version": "1.0.0",
  "lockfileVersion": 1,
  "requires": true,
  "dependencies": {
    "eve": {
      "version": "0.4.2",
      "resolved": "https://registry.npmjs.org/eve/-/eve-0.4.2.tgz",
      "integrity": "sha1-fuoK/A5O+3yTZWFTFaNXaDPq0q4="
    },
    "eve-raphael": {
      "version": "0.5.0",
      "resolved": "https://registry.npmjs.org/eve-raphael/-/eve-raphael-0.5.0.tgz",
      "integrity": "sha1-F8dUt5K+7z+maE15z1pHxjxM2jA="
    },
    "graphdracula": {
      "version": "1.2.1",
      "resolved": "https://registry.npmjs.org/graphdracula/-/graphdracula-1.2.1.tgz",
      "integrity": "sha512-zMeVI+jqo89ra34Sx+OWviKC9TX+LSCKIWHQtDlq/NQRVnVUSzY8CSByEhbwQMYOE67KDN0T953phgj7Tpy7uQ==",
      "requires": {
        "lodash": "4.17.10",
        "snapsvg": "0.4.0",
        "uuid": "3.2.1"
      }
    },
    "lodash": {
      "version": "4.17.10",
      "resolved": "https://registry.npmjs.org/lodash/-/lodash-4.17.10.tgz",
      "integrity": "sha512-UejweD1pDoXu+AD825lWwp4ZGtSwgnpZxb3JDViD7StjQz+Nb/6l093lx4OQ0foGWNRoc19mWy7BzL+UAK2iVg=="
    },
    "raphael": {
      "version": "2.2.7",
      "resolved": "https://registry.npmjs.org/raphael/-/raphael-2.2.7.tgz",
      "integrity": "sha1-IxsZFB+NCGmG2PrOtm+LVi7iyBA=",
      "requires": {
        "eve-raphael": "0.5.0"
      }
    },
    "snapsvg": {
      "version": "0.4.0",
      "resolved": "https://registry.npmjs.org/snapsvg/-/snapsvg-0.4.0.tgz",
      "integrity": "sha1-4HZwFBZ4JZV95+ElwpsPqJeW6gM=",
      "requires": {
        "eve": "0.4.2"
      }
    },
    "uuid": {
      "version": "3.2.1",
      "resolved": "https://registry.npmjs.org/uuid/-/uuid-3.2.1.tgz",
      "integrity": "sha512-jZnMwlb9Iku/O3smGWvZhauCf6cvvpKi4BKRiliS3cxnI+Gz9j5MEpTz2UFuXiKPJocb7gnsLHwiS05ige5BEA=="
    }
  }
}
